<?xml version="1.0" encoding="utf-8"?>
<Project ToolsVersion="4.0" xmlns="http://schemas.microsoft.com/developer/msbuild/2003">
  <ItemGroup>
    <Filter Include="Source Files">
      <UniqueIdentifier>{4FC737F1-C7A5-4376-A066-2A32D752A2FF}</UniqueIdentifier>
      <Extensions>qml;cpp;c;cc;cxx;def;odl;idl;hpj;bat;asm;asmx</Extensions>
    </Filter>
    <Filter Include="Header Files">
      <UniqueIdentifier>{93995380-89BD-4b04-88EB-625FBE52EBFB}</UniqueIdentifier>
      <Extensions>h;hh;hpp;hxx;hm;inl;inc;xsd</Extensions>
    </Filter>
    <Filter Include="Resource Files">
      <UniqueIdentifier>{67DA6AB6-F800-4c08-8B7A-83BB121AAD01}</UniqueIdentifier>
      <Extensions>qrc;rc;ico;cur;bmp;dlg;rc2;rct;bin;rgs;gif;jpg;jpeg;jpe;resx;tiff;tif;png;wav;mfcribbon-ms</Extensions>
    </Filter>
    <Filter Include="Form Files">
      <UniqueIdentifier>{99349809-55BA-4b9d-BF79-8FDBB0286EB3}</UniqueIdentifier>
      <Extensions>ui</Extensions>
    </Filter>
    <Filter Include="Translation Files">
      <UniqueIdentifier>{639EADAA-A684-42e4-A9AD-28FC9BCB8F7C}</UniqueIdentifier>
      <Extensions>ts</Extensions>
    </Filter>
    <Filter Include="3rd">
      <UniqueIdentifier>{dd592196-09da-462a-ba9a-ef6712d1134a}</UniqueIdentifier>
    </Filter>
    <Filter Include="3rd\qrencode">
      <UniqueIdentifier>{d98d6ca1-d607-437e-b409-8457a4202b70}</UniqueIdentifier>
    </Filter>
    <Filter Include="3rd\qrencode\src">
      <UniqueIdentifier>{e773a0af-c83b-4ca7-8903-662fb0d73742}</UniqueIdentifier>
    </Filter>
    <Filter Include="3rd\qrencode\include">
      <UniqueIdentifier>{055f6c39-34e5-42fd-a8ff-65b96f241c1d}</UniqueIdentifier>
    </Filter>
  </ItemGroup>
  <ItemGroup>
    <ClCompile Include="source.cpp">
      <Filter>Source Files</Filter>
    </ClCompile>
    <ClCompile Include="..\3rd\qrencode\src\qrencode.c">
      <Filter>3rd\qrencode\src</Filter>
    </ClCompile>
    <ClCompile Include="..\3rd\qrencode\src\qrinput.c">
      <Filter>3rd\qrencode\src</Filter>
    </ClCompile>
    <ClCompile Include="..\3rd\qrencode\src\qrspec.c">
      <Filter>3rd\qrencode\src</Filter>
    </ClCompile>
    <ClCompile Include="..\3rd\qrencode\src\rsecc.c">
      <Filter>3rd\qrencode\src</Filter>
    </ClCompile>
    <ClCompile Include="..\3rd\qrencode\src\split.c">
      <Filter>3rd\qrencode\src</Filter>
    </ClCompile>
    <ClCompile Include="..\3rd\qrencode\src\bitstream.c">
      <Filter>3rd\qrencode\src</Filter>
    </ClCompile>
    <ClCompile Include="..\3rd\qrencode\src\mask.c">
      <Filter>3rd\qrencode\src</Filter>
    </ClCompile>
    <ClCompile Include="..\3rd\qrencode\src\mmask.c">
      <Filter>3rd\qrencode\src</Filter>
    </ClCompile>
    <ClCompile Include="..\3rd\qrencode\src\mqrspec.c">
      <Filter>3rd\qrencode\src</Filter>
    </ClCompile>
    <ClCompile Include="MainWindow.cpp">
      <Filter>Source Files</Filter>
    </ClCompile>
  </ItemGroup>
  <ItemGroup>
    <ClInclude Include="..\3rd\qrencode\include\mmask.h">
      <Filter>3rd\qrencode\include</Filter>
    </ClInclude>
    <ClInclude Include="..\3rd\qrencode\include\mqrspec.h">
      <Filter>3rd\qrencode\include</Filter>
    </ClInclude>
    <ClInclude Include="..\3rd\qrencode\include\qrencode.h">
      <Filter>3rd\qrencode\include</Filter>
    </ClInclude>
    <ClInclude Include="..\3rd\qrencode\include\qrencode_inner.h">
      <Filter>3rd\qrencode\include</Filter>
    </ClInclude>
    <ClInclude Include="..\3rd\qrencode\include\qrinput.h">
      <Filter>3rd\qrencode\include</Filter>
    </ClInclude>
    <ClInclude Include="..\3rd\qrencode\include\qrspec.h">
      <Filter>3rd\qrencode\include</Filter>
    </ClInclude>
    <ClInclude Include="..\3rd\qrencode\include\rsecc.h">
      <Filter>3rd\qrencode\include</Filter>
    </ClInclude>
    <ClInclude Include="..\3rd\qrencode\include\split.h">
      <Filter>3rd\qrencode\include</Filter>
    </ClInclude>
    <ClInclude Include="..\3rd\qrencode\include\bitstream.h">
      <Filter>3rd\qrencode\include</Filter>
    </ClInclude>
    <ClInclude Include="..\3rd\qrencode\include\config.h">
      <Filter>3rd\qrencode\include</Filter>
    </ClInclude>
    <ClInclude Include="..\3rd\qrencode\include\mask.h">
      <Filter>3rd\qrencode\include</Filter>
    </ClInclude>
    <ClInclude Include="QREncoder.h">
      <Filter>Header Files</Filter>
    </ClInclude>
  </ItemGroup>
  <ItemGroup>
    <QtUic Include="MainWindow.ui">
      <Filter>Form Files</Filter>
    </QtUic>
  </ItemGroup>
  <ItemGroup>
    <QtRcc Include="Resource.qrc">
      <Filter>Resource Files</Filter>
    </QtRcc>
  </ItemGroup>
  <ItemGroup>
    <QtMoc Include="MainWindow.h">
      <Filter>Header Files</Filter>
    </QtMoc>
  </ItemGroup>
</Project>